// !$*UTF8*$!
{
	archiveVersion = 1;
	classes = {
	};
	objectVersion = 46;
	objects = {

/* Begin PBXBuildFile section */
		981668D81C7BB80800305441 /* Numbers Manual.html in Resources */ = {isa = PBXBuildFile; fileRef = 981668DA1C7BB80800305441 /* Numbers Manual.html */; };
		981668F01C7BC11900305441 /* Main.storyboard in Resources */ = {isa = PBXBuildFile; fileRef = 9856B83D1C753BF500D778A8 /* Main.storyboard */; };
		981668F11C7BC12000305441 /* Localizable.strings in Resources */ = {isa = PBXBuildFile; fileRef = 981668E21C7BB96A00305441 /* Localizable.strings */; };
		981668F21C7BC12500305441 /* LaunchScreen.storyboard in Resources */ = {isa = PBXBuildFile; fileRef = 9856B8421C753BF500D778A8 /* LaunchScreen.storyboard */; };
		981668F31C7BC12D00305441 /* InfoPlist.strings in Resources */ = {isa = PBXBuildFile; fileRef = 981668EC1C7BBD5400305441 /* InfoPlist.strings */; };
		9836A83F1C794391000BA90F /* GuideViewController.swift in Sources */ = {isa = PBXBuildFile; fileRef = 9836A83E1C794391000BA90F /* GuideViewController.swift */; };
		9856B83A1C753BF500D778A8 /* AppDelegate.swift in Sources */ = {isa = PBXBuildFile; fileRef = 9856B8391C753BF500D778A8 /* AppDelegate.swift */; };
		9856B83C1C753BF500D778A8 /* PlayViewController.swift in Sources */ = {isa = PBXBuildFile; fileRef = 9856B83B1C753BF500D778A8 /* PlayViewController.swift */; };
		9856B8411C753BF500D778A8 /* Assets.xcassets in Resources */ = {isa = PBXBuildFile; fileRef = 9856B8401C753BF500D778A8 /* Assets.xcassets */; };
/* End PBXBuildFile section */

/* Begin PBXFileReference section */
		981668D91C7BB80800305441 /* en */ = {isa = PBXFileReference; lastKnownFileType = text.html; name = en; path = "en.lproj/Numbers Manual.html"; sourceTree = "<group>"; };
		981668E11C7BB96A00305441 /* vi */ = {isa = PBXFileReference; lastKnownFileType = text.plist.strings; name = vi; path = vi.lproj/Localizable.strings; sourceTree = "<group>"; };
		981668E31C7BB97D00305441 /* vi */ = {isa = PBXFileReference; lastKnownFileType = text.html; name = vi; path = "vi.lproj/Numbers Manual.html"; sourceTree = "<group>"; };
		981668E51C7BBCAE00305441 /* vi */ = {isa = PBXFileReference; lastKnownFileType = text.plist.strings; name = vi; path = vi.lproj/Main.strings; sourceTree = "<group>"; };
		981668E61C7BBCED00305441 /* Base */ = {isa = PBXFileReference; lastKnownFileType = file.storyboard; name = Base; path = Base.lproj/Main.storyboard; sourceTree = "<group>"; };
		981668E71C7BBD2A00305441 /* Base */ = {isa = PBXFileReference; lastKnownFileType = file.storyboard; name = Base; path = Base.lproj/LaunchScreen.storyboard; sourceTree = "<group>"; };
		981668EB1C7BBD5400305441 /* Base */ = {isa = PBXFileReference; lastKnownFileType = text.plist.strings; name = Base; path = Base.lproj/InfoPlist.strings; sourceTree = "<group>"; };
		981668ED1C7BBD9A00305441 /* vi */ = {isa = PBXFileReference; lastKnownFileType = text.plist.strings; name = vi; path = vi.lproj/InfoPlist.strings; sourceTree = "<group>"; };
		981668EE1C7BBF0300305441 /* Info.plist */ = {isa = PBXFileReference; fileEncoding = 4; lastKnownFileType = text.plist.xml; path = Info.plist; sourceTree = "<group>"; };
		981668F41C7BCDEB00305441 /* Base */ = {isa = PBXFileReference; lastKnownFileType = text.plist.strings; name = Base; path = Base.lproj/Localizable.strings; sourceTree = "<group>"; };
		9836A83E1C794391000BA90F /* GuideViewController.swift */ = {isa = PBXFileReference; fileEncoding = 4; lastKnownFileType = sourcecode.swift; path = GuideViewController.swift; sourceTree = "<group>"; };
		9856B8361C753BF500D778A8 /* Numbers.app */ = {isa = PBXFileReference; explicitFileType = wrapper.application; includeInIndex = 0; path = Numbers.app; sourceTree = BUILT_PRODUCTS_DIR; };
		9856B8391C753BF500D778A8 /* AppDelegate.swift */ = {isa = PBXFileReference; lastKnownFileType = sourcecode.swift; path = AppDelegate.swift; sourceTree = "<group>"; };
		9856B83B1C753BF500D778A8 /* PlayViewController.swift */ = {isa = PBXFileReference; lastKnownFileType = sourcecode.swift; path = PlayViewController.swift; sourceTree = "<group>"; };
		9856B8401C753BF500D778A8 /* Assets.xcassets */ = {isa = PBXFileReference; lastKnownFileType = folder.assetcatalog; path = Assets.xcassets; sourceTree = "<group>"; };
/* End PBXFileReference section */

/* Begin PBXFrameworksBuildPhase section */
		9856B8331C753BF500D778A8 /* Frameworks */ = {
			isa = PBXFrameworksBuildPhase;
			buildActionMask = 2147483647;
			files = (
			);
			runOnlyForDeploymentPostprocessing = 0;
		};
/* End PBXFrameworksBuildPhase section */

/* Begin PBXGroup section */
		9856B82D1C753BF500D778A8 = {
			isa = PBXGroup;
			children = (
				9856B8381C753BF500D778A8 /* Numbers */,
				9856B8371C753BF500D778A8 /* Products */,
			);
			sourceTree = "<group>";
		};
		9856B8371C753BF500D778A8 /* Products */ = {
			isa = PBXGroup;
			children = (
				9856B8361C753BF500D778A8 /* Numbers.app */,
			);
			name = Products;
			sourceTree = "<group>";
		};
		9856B8381C753BF500D778A8 /* Numbers */ = {
			isa = PBXGroup;
			children = (
				98A695E01CFE03250091FBF7 /* Classes */,
				98A695DF1CFE03100091FBF7 /* Storyboards */,
				98A695DE1CFE02E10091FBF7 /* Localizations */,
				981668EE1C7BBF0300305441 /* Info.plist */,
				9856B8401C753BF500D778A8 /* Assets.xcassets */,
			);
			path = Numbers;
			sourceTree = "<group>";
		};
		98A695DE1CFE02E10091FBF7 /* Localizations */ = {
			isa = PBXGroup;
			children = (
				981668DA1C7BB80800305441 /* Numbers Manual.html */,
				981668E21C7BB96A00305441 /* Localizable.strings */,
				981668EC1C7BBD5400305441 /* InfoPlist.strings */,
			);
			name = Localizations;
			sourceTree = "<group>";
		};
		98A695DF1CFE03100091FBF7 /* Storyboards */ = {
			isa = PBXGroup;
			children = (
				9856B83D1C753BF500D778A8 /* Main.storyboard */,
				9856B8421C753BF500D778A8 /* LaunchScreen.storyboard */,
			);
			name = Storyboards;
			sourceTree = "<group>";
		};
		98A695E01CFE03250091FBF7 /* Classes */ = {
			isa = PBXGroup;
			children = (
				9856B8391C753BF500D778A8 /* AppDelegate.swift */,
				9836A83E1C794391000BA90F /* GuideViewController.swift */,
				9856B83B1C753BF500D778A8 /* PlayViewController.swift */,
			);
			name = Classes;
			sourceTree = "<group>";
		};
/* End PBXGroup section */

/* Begin PBXNativeTarget section */
		9856B8351C753BF500D778A8 /* Numbers */ = {
			isa = PBXNativeTarget;
			buildConfigurationList = 9856B8481C753BF500D778A8 /* Build configuration list for PBXNativeTarget "Numbers" */;
			buildPhases = (
				9856B8321C753BF500D778A8 /* Sources */,
				9856B8331C753BF500D778A8 /* Frameworks */,
				9856B8341C753BF500D778A8 /* Resources */,
			);
			buildRules = (
			);
			dependencies = (
			);
			name = Numbers;
			productName = Numbers;
			productReference = 9856B8361C753BF500D778A8 /* Numbers.app */;
			productType = "com.apple.product-type.application";
		};
/* End PBXNativeTarget section */

/* Begin PBXProject section */
		9856B82E1C753BF500D778A8 /* Project object */ = {
			isa = PBXProject;
			attributes = {
				LastSwiftUpdateCheck = 0720;
				LastUpgradeCheck = 0720;
				ORGANIZATIONNAME = "Tran Thai Phuoc";
				TargetAttributes = {
					9856B8351C753BF500D778A8 = {
						CreatedOnToolsVersion = 7.2.1;
						DevelopmentTeam = SAZ499KRSP;
					};
				};
			};
			buildConfigurationList = 9856B8311C753BF500D778A8 /* Build configuration list for PBXProject "Numbers" */;
			compatibilityVersion = "Xcode 3.2";
			developmentRegion = English;
			hasScannedForEncodings = 0;
			knownRegions = (
				en,
				Base,
				vi,
			);
			mainGroup = 9856B82D1C753BF500D778A8;
			productRefGroup = 9856B8371C753BF500D778A8 /* Products */;
			projectDirPath = "";
			projectRoot = "";
			targets = (
				9856B8351C753BF500D778A8 /* Numbers */,
			);
		};
/* End PBXProject section */

/* Begin PBXResourcesBuildPhase section */
		9856B8341C753BF500D778A8 /* Resources */ = {
			isa = PBXResourcesBuildPhase;
			buildActionMask = 2147483647;
			files = (
				981668F31C7BC12D00305441 /* InfoPlist.strings in Resources */,
				981668F21C7BC12500305441 /* LaunchScreen.storyboard in Resources */,
				981668F11C7BC12000305441 /* Localizable.strings in Resources */,
				981668F01C7BC11900305441 /* Main.storyboard in Resources */,
				981668D81C7BB80800305441 /* Numbers Manual.html in Resources */,
				9856B8411C753BF500D778A8 /* Assets.xcassets in Resources */,
			);
			runOnlyForDeploymentPostprocessing = 0;
		};
/* End PBXResourcesBuildPhase section */

/* Begin PBXSourcesBuildPhase section */
		9856B8321C753BF500D778A8 /* Sources */ = {
			isa = PBXSourcesBuildPhase;
			buildActionMask = 2147483647;
			files = (
				9856B83C1C753BF500D778A8 /* PlayViewController.swift in Sources */,
				9856B83A1C753BF500D778A8 /* AppDelegate.swift in Sources */,
				9836A83F1C794391000BA90F /* GuideViewController.swift in Sources */,
			);
			runOnlyForDeploymentPostprocessing = 0;
		};
/* End PBXSourcesBuildPhase section */

/* Begin PBXVariantGroup section */
		981668DA1C7BB80800305441 /* Numbers Manual.html */ = {
			isa = PBXVariantGroup;
			children = (
				981668D91C7BB80800305441 /* en */,
				981668E31C7BB97D00305441 /* vi */,
			);
			name = "Numbers Manual.html";
			sourceTree = "<group>";
		};
		981668E21C7BB96A00305441 /* Localizable.strings */ = {
			isa = PBXVariantGroup;
			children = (
				981668E11C7BB96A00305441 /* vi */,
				981668F41C7BCDEB00305441 /* Base */,
			);
			name = Localizable.strings;
			path = ..;
			sourceTree = "<group>";
		};
		981668EC1C7BBD5400305441 /* InfoPlist.strings */ = {
			isa = PBXVariantGroup;
			children = (
				981668EB1C7BBD5400305441 /* Base */,
				981668ED1C7BBD9A00305441 /* vi */,
			);
			name = InfoPlist.strings;
			sourceTree = "<group>";
		};
		9856B83D1C753BF500D778A8 /* Main.storyboard */ = {
			isa = PBXVariantGroup;
			children = (
				981668E51C7BBCAE00305441 /* vi */,
				981668E61C7BBCED00305441 /* Base */,
			);
			name = Main.storyboard;
			sourceTree = "<group>";
		};
		9856B8421C753BF500D778A8 /* LaunchScreen.storyboard */ = {
			isa = PBXVariantGroup;
			children = (
				981668E71C7BBD2A00305441 /* Base */,
			);
			name = LaunchScreen.storyboard;
			sourceTree = "<group>";
		};
/* End PBXVariantGroup section */

/* Begin XCBuildConfiguration section */
		9856B8461C753BF500D778A8 /* Debug */ = {
			isa = XCBuildConfiguration;
			buildSettings = {
				ALWAYS_SEARCH_USER_PATHS = NO;
				CLANG_CXX_LANGUAGE_STANDARD = "gnu++0x";
				CLANG_CXX_LIBRARY = "libc++";
				CLANG_ENABLE_MODULES = YES;
				CLANG_ENABLE_OBJC_ARC = YES;
				CLANG_WARN_BOOL_CONVERSION = YES;
				CLANG_WARN_CONSTANT_CONVERSION = YES;
				CLANG_WARN_DIRECT_OBJC_ISA_USAGE = YES_ERROR;
				CLANG_WARN_EMPTY_BODY = YES;
				CLANG_WARN_ENUM_CONVERSION = YES;
				CLANG_WARN_INT_CONVERSION = YES;
				CLANG_WARN_OBJC_ROOT_CLASS = YES_ERROR;
				CLANG_WARN_UNREACHABLE_CODE = YES;
				CLANG_WARN__DUPLICATE_METHOD_MATCH = YES;
				"CODE_SIGN_IDENTITY[sdk=iphoneos*]" = "iPhone Developer";
				COPY_PHASE_STRIP = NO;
				DEBUG_INFORMATION_FORMAT = dwarf;
				ENABLE_STRICT_OBJC_MSGSEND = YES;
				ENABLE_TESTABILITY = YES;
				GCC_C_LANGUAGE_STANDARD = gnu99;
				GCC_DYNAMIC_NO_PIC = NO;
				GCC_NO_COMMON_BLOCKS = YES;
				GCC_OPTIMIZATION_LEVEL = 0;
				GCC_PREPROCESSOR_DEFINITIONS = (
					"DEBUG=1",
					"$(inherited)",
				);
				GCC_WARN_64_TO_32_BIT_CONVERSION = YES;
				GCC_WARN_ABOUT_RETURN_TYPE = YES_ERROR;
				GCC_WARN_UNDECLARED_SELECTOR = YES;
				GCC_WARN_UNINITIALIZED_AUTOS = YES_AGGRESSIVE;
				GCC_WARN_UNUSED_FUNCTION = YES;
				GCC_WARN_UNUSED_VARIABLE = YES;
				IPHONEOS_DEPLOYMENT_TARGET = 9.2;
				MTL_ENABLE_DEBUG_INFO = YES;
				ONLY_ACTIVE_ARCH = YES;
				SDKROOT = iphoneos;
				SWIFT_OPTIMIZATION_LEVEL = "-Onone";
				TARGETED_DEVICE_FAMILY = "1,2";
			};
			name = Debug;
		};
		9856B8471C753BF500D778A8 /* Release */ = {
			isa = XCBuildConfiguration;
			buildSettings = {
				ALWAYS_SEARCH_USER_PATHS = NO;
				CLANG_CXX_LANGUAGE_STANDARD = "gnu++0x";
				CLANG_CXX_LIBRARY = "libc++";
				CLANG_ENABLE_MODULES = YES;
				CLANG_ENABLE_OBJC_ARC = YES;
				CLANG_WARN_BOOL_CONVERSION = YES;
				CLANG_WARN_CONSTANT_CONVERSION = YES;
				CLANG_WARN_DIRECT_OBJC_ISA_USAGE = YES_ERROR;
				CLANG_WARN_EMPTY_BODY = YES;
				CLANG_WARN_ENUM_CONVERSION = YES;
				CLANG_WARN_INT_CONVERSION = YES;
				CLANG_WARN_OBJC_ROOT_CLASS = YES_ERROR;
				CLANG_WARN_UNREACHABLE_CODE = YES;
				CLANG_WARN__DUPLICATE_METHOD_MATCH = YES;
				"CODE_SIGN_IDENTITY[sdk=iphoneos*]" = "iPhone Developer";
				COPY_PHASE_STRIP = NO;
				DEBUG_INFORMATION_FORMAT = "dwarf-with-dsym";
				ENABLE_NS_ASSERTIONS = NO;
				ENABLE_STRICT_OBJC_MSGSEND = YES;
				GCC_C_LANGUAGE_STANDARD = gnu99;
				GCC_NO_COMMON_BLOCKS = YES;
				GCC_WARN_64_TO_32_BIT_CONVERSION = YES;
				GCC_WARN_ABOUT_RETURN_TYPE = YES_ERROR;
				GCC_WARN_UNDECLARED_SELECTOR = YES;
				GCC_WARN_UNINITIALIZED_AUTOS = YES_AGGRESSIVE;
				GCC_WARN_UNUSED_FUNCTION = YES;
				GCC_WARN_UNUSED_VARIABLE = YES;
				IPHONEOS_DEPLOYMENT_TARGET = 9.2;
				MTL_ENABLE_DEBUG_INFO = NO;
				SDKROOT = iphoneos;
				TARGETED_DEVICE_FAMILY = "1,2";
				VALIDATE_PRODUCT = YES;
			};
			name = Release;
		};
		9856B8491C753BF500D778A8 /* Debug */ = {
			isa = XCBuildConfiguration;
			buildSettings = {
				ASSETCATALOG_COMPILER_APPICON_NAME = AppIcon;
				INFOPLIST_FILE = Numbers/Info.plist;
				IPHONEOS_DEPLOYMENT_TARGET = 8.2;
				LD_RUNPATH_SEARCH_PATHS = "$(inherited) @executable_path/Frameworks";
				PRODUCT_BUNDLE_IDENTIFIER = com.ttp.Numbers;
				PRODUCT_NAME = "$(TARGET_NAME)";
			};
			name = Debug;
		};
		9856B84A1C753BF500D778A8 /* Release */ = {
			isa = XCBuildConfiguration;
			buildSettings = {
				ASSETCATALOG_COMPILER_APPICON_NAME = AppIcon;
				INFOPLIST_FILE = Numbers/Info.plist;
				IPHONEOS_DEPLOYMENT_TARGET = 8.2;
				LD_RUNPATH_SEARCH_PATHS = "$(inherited) @executable_path/Frameworks";
				PRODUCT_BUNDLE_IDENTIFIER = com.ttp.Numbers;
				PRODUCT_NAME = "$(TARGET_NAME)";
			};
			name = Release;
		};
/* End XCBuildConfiguration section */

/* Begin XCConfigurationList section */
		9856B8311C753BF500D778A8 /* Build configuration list for PBXProject "Numbers" */ = {
			isa = XCConfigurationList;
			buildConfigurations = (
				9856B8461C753BF500D778A8 /* Debug */,
				9856B8471C753BF500D778A8 /* Release */,
			);
			defaultConfigurationIsVisible = 0;
			defaultConfigurationName = Release;
		};
		9856B8481C753BF500D778A8 /* Build configuration list for PBXNativeTarget "Numbers" */ = {
			isa = XCConfigurationList;
			buildConfigurations = (
				9856B8491C753BF500D778A8 /* Debug */,
				9856B84A1C753BF500D778A8 /* Release */,
			);
			defaultConfigurationIsVisible = 0;
			defaultConfigurationName = Release;
		};
/* End XCConfigurationList section */
	};
	rootObject = 9856B82E1C753BF500D778A8 /* Project object */;
}
